
Microsoft Visual Studio Solution File, Format Version 12.00
# Visual Studio 15
VisualStudioVersion = 15.0.28307.960
MinimumVisualStudioVersion = 10.0.40219.1
Project("{FAE04EC0-301F-11D3-BF4B-00C04F79EFBC}") = "Toci.Sprint.Vote.Dal.Interfaces", "Toci.Sprint.Vote.Dal.Interfaces\Toci.Sprint.Vote.Dal.Interfaces.csproj", "{733FC6DD-5C96-436A-9F64-16038FD01A95}"
EndProject
Project("{FAE04EC0-301F-11D3-BF4B-00C04F79EFBC}") = "Toci.Sprint.Vote.Dal.Pyrenees", "Toci.Sprint.Vote.Dal.Pyrenees\Toci.Sprint.Vote.Dal.Pyrenees.csproj", "{B20A0B76-9043-4DF2-A4DF-D20C8E217B5A}"
EndProject
Project("{FAE04EC0-301F-11D3-BF4B-00C04F79EFBC}") = "Toci.Db", "..\toci_common\Toci.Libraries\Toci.Db\Toci.Db.csproj", "{E45EA1C2-F40C-4903-94C3-30A885A71D33}"
EndProject
Project("{FAE04EC0-301F-11D3-BF4B-00C04F79EFBC}") = "Toci.ErrorsAndMessages", "..\toci_common\Toci.Libraries\Toci.ErrorsAndMessages\Toci.ErrorsAndMessages.csproj", "{C723109F-5656-4245-8FFB-6A9CDE912F54}"
EndProject
Project("{FAE04EC0-301F-11D3-BF4B-00C04F79EFBC}") = "Toci.Utilities", "..\toci_common\Toci.Libraries\Toci.Utilities\Toci.Utilities.csproj", "{A7951807-F924-4108-A63B-253CE3F5B045}"
EndProject
Project("{FAE04EC0-301F-11D3-BF4B-00C04F79EFBC}") = "Toci.Utilities.Abstraction", "..\toci_common\Toci.Libraries\Toci.Utilities.Abstraction\Toci.Utilities.Abstraction.csproj", "{3F7C2517-390A-40BF-A1FC-3F5DFAE8BDF2}"
EndProject
Project("{FAE04EC0-301F-11D3-BF4B-00C04F79EFBC}") = "Toci.Utilities.Common", "..\toci_common\Toci.Libraries\Toci.Utilities.Common\Toci.Utilities.Common.csproj", "{AA84D501-0707-40D3-AED8-F4884E7F0FB2}"
EndProject
Project("{FAE04EC0-301F-11D3-BF4B-00C04F79EFBC}") = "Toci.Utilities.Interfaces", "..\toci_common\Toci.Libraries\Toci.Utilities.Interfaces\Toci.Utilities.Interfaces\Toci.Utilities.Interfaces.csproj", "{C3976AC9-39A5-4B47-8A67-33F021A4CDC3}"
EndProject
Project("{FAE04EC0-301F-11D3-BF4B-00C04F79EFBC}") = "Toci.Utilities.Test", "..\toci_common\Toci.Libraries\Toci.Utillties.Test\Toci.Utilities.Test.csproj", "{AFA373BC-F581-4E32-80B5-CC3179F630F7}"
EndProject
Project("{FAE04EC0-301F-11D3-BF4B-00C04F79EFBC}") = "Toci.Sprint.Vote.Bll.Dflw.Interfaces", "Toci.Sprint.Vote.Bll.Dflw.Interfaces\Toci.Sprint.Vote.Bll.Dflw.Interfaces.csproj", "{B456288B-5081-41D5-8ACF-1268DA91214E}"
EndProject
Project("{FAE04EC0-301F-11D3-BF4B-00C04F79EFBC}") = "Toci.Sprint.Vote.Bll.Dflw", "Toci.Sprint.Vote.Bll.Dflw\Toci.Sprint.Vote.Bll.Dflw.csproj", "{A42A0248-41B3-472E-9DF8-BD811BAA8EB7}"
EndProject
Global
	GlobalSection(SolutionConfigurationPlatforms) = preSolution
		Debug|Any CPU = Debug|Any CPU
		Release|Any CPU = Release|Any CPU
	EndGlobalSection
	GlobalSection(ProjectConfigurationPlatforms) = postSolution
		{733FC6DD-5C96-436A-9F64-16038FD01A95}.Debug|Any CPU.ActiveCfg = Debug|Any CPU
		{733FC6DD-5C96-436A-9F64-16038FD01A95}.Debug|Any CPU.Build.0 = Debug|Any CPU
		{733FC6DD-5C96-436A-9F64-16038FD01A95}.Release|Any CPU.ActiveCfg = Release|Any CPU
		{733FC6DD-5C96-436A-9F64-16038FD01A95}.Release|Any CPU.Build.0 = Release|Any CPU
		{B20A0B76-9043-4DF2-A4DF-D20C8E217B5A}.Debug|Any CPU.ActiveCfg = Debug|Any CPU
		{B20A0B76-9043-4DF2-A4DF-D20C8E217B5A}.Debug|Any CPU.Build.0 = Debug|Any CPU
		{B20A0B76-9043-4DF2-A4DF-D20C8E217B5A}.Release|Any CPU.ActiveCfg = Release|Any CPU
		{B20A0B76-9043-4DF2-A4DF-D20C8E217B5A}.Release|Any CPU.Build.0 = Release|Any CPU
		{E45EA1C2-F40C-4903-94C3-30A885A71D33}.Debug|Any CPU.ActiveCfg = Debug|Any CPU
		{E45EA1C2-F40C-4903-94C3-30A885A71D33}.Debug|Any CPU.Build.0 = Debug|Any CPU
		{E45EA1C2-F40C-4903-94C3-30A885A71D33}.Release|Any CPU.ActiveCfg = Release|Any CPU
		{E45EA1C2-F40C-4903-94C3-30A885A71D33}.Release|Any CPU.Build.0 = Release|Any CPU
		{C723109F-5656-4245-8FFB-6A9CDE912F54}.Debug|Any CPU.ActiveCfg = Debug|Any CPU
		{C723109F-5656-4245-8FFB-6A9CDE912F54}.Debug|Any CPU.Build.0 = Debug|Any CPU
		{C723109F-5656-4245-8FFB-6A9CDE912F54}.Release|Any CPU.ActiveCfg = Release|Any CPU
		{C723109F-5656-4245-8FFB-6A9CDE912F54}.Release|Any CPU.Build.0 = Release|Any CPU
		{A7951807-F924-4108-A63B-253CE3F5B045}.Debug|Any CPU.ActiveCfg = Debug|Any CPU
		{A7951807-F924-4108-A63B-253CE3F5B045}.Debug|Any CPU.Build.0 = Debug|Any CPU
		{A7951807-F924-4108-A63B-253CE3F5B045}.Release|Any CPU.ActiveCfg = Release|Any CPU
		{A7951807-F924-4108-A63B-253CE3F5B045}.Release|Any CPU.Build.0 = Release|Any CPU
		{3F7C2517-390A-40BF-A1FC-3F5DFAE8BDF2}.Debug|Any CPU.ActiveCfg = Debug|Any CPU
		{3F7C2517-390A-40BF-A1FC-3F5DFAE8BDF2}.Debug|Any CPU.Build.0 = Debug|Any CPU
		{3F7C2517-390A-40BF-A1FC-3F5DFAE8BDF2}.Release|Any CPU.ActiveCfg = Release|Any CPU
		{3F7C2517-390A-40BF-A1FC-3F5DFAE8BDF2}.Release|Any CPU.Build.0 = Release|Any CPU
		{AA84D501-0707-40D3-AED8-F4884E7F0FB2}.Debug|Any CPU.ActiveCfg = Debug|Any CPU
		{AA84D501-0707-40D3-AED8-F4884E7F0FB2}.Debug|Any CPU.Build.0 = Debug|Any CPU
		{AA84D501-0707-40D3-AED8-F4884E7F0FB2}.Release|Any CPU.ActiveCfg = Release|Any CPU
		{AA84D501-0707-40D3-AED8-F4884E7F0FB2}.Release|Any CPU.Build.0 = Release|Any CPU
		{C3976AC9-39A5-4B47-8A67-33F021A4CDC3}.Debug|Any CPU.ActiveCfg = Debug|Any CPU
		{C3976AC9-39A5-4B47-8A67-33F021A4CDC3}.Debug|Any CPU.Build.0 = Debug|Any CPU
		{C3976AC9-39A5-4B47-8A67-33F021A4CDC3}.Release|Any CPU.ActiveCfg = Release|Any CPU
		{C3976AC9-39A5-4B47-8A67-33F021A4CDC3}.Release|Any CPU.Build.0 = Release|Any CPU
		{AFA373BC-F581-4E32-80B5-CC3179F630F7}.Debug|Any CPU.ActiveCfg = Debug|Any CPU
		{AFA373BC-F581-4E32-80B5-CC3179F630F7}.Debug|Any CPU.Build.0 = Debug|Any CPU
		{AFA373BC-F581-4E32-80B5-CC3179F630F7}.Release|Any CPU.ActiveCfg = Release|Any CPU
		{AFA373BC-F581-4E32-80B5-CC3179F630F7}.Release|Any CPU.Build.0 = Release|Any CPU
		{B456288B-5081-41D5-8ACF-1268DA91214E}.Debug|Any CPU.ActiveCfg = Debug|Any CPU
		{B456288B-5081-41D5-8ACF-1268DA91214E}.Debug|Any CPU.Build.0 = Debug|Any CPU
		{B456288B-5081-41D5-8ACF-1268DA91214E}.Release|Any CPU.ActiveCfg = Release|Any CPU
		{B456288B-5081-41D5-8ACF-1268DA91214E}.Release|Any CPU.Build.0 = Release|Any CPU
		{A42A0248-41B3-472E-9DF8-BD811BAA8EB7}.Debug|Any CPU.ActiveCfg = Debug|Any CPU
		{A42A0248-41B3-472E-9DF8-BD811BAA8EB7}.Debug|Any CPU.Build.0 = Debug|Any CPU
		{A42A0248-41B3-472E-9DF8-BD811BAA8EB7}.Release|Any CPU.ActiveCfg = Release|Any CPU
		{A42A0248-41B3-472E-9DF8-BD811BAA8EB7}.Release|Any CPU.Build.0 = Release|Any CPU
	EndGlobalSection
	GlobalSection(SolutionProperties) = preSolution
		HideSolutionNode = FALSE
	EndGlobalSection
	GlobalSection(ExtensibilityGlobals) = postSolution
		SolutionGuid = {B777BFB6-24D8-4A05-86A2-5CCA28DF3B8D}
	EndGlobalSection
EndGlobal
